{
  "name": "mp3-bitrate",
  "version": "1.0.0",
  "lockfileVersion": 3,
  "requires": true,
  "packages": {
    "": {
      "name": "mp3-bitrate",
      "version": "1.0.0",
      "license": "ISC",
      "dependencies": {
        "peek-readable": "^5.3.1",
        "strtok3": "^9.0.1"
      }
    },
    "node_modules/@tokenizer/token": {
      "version": "0.3.0",
      "resolved": "https://registry.npmjs.org/@tokenizer/token/-/token-0.3.0.tgz",
      "integrity": "sha512-OvjF+z51L3ov0OyAU0duzsYuvO01PH7x4t6DJx+guahgTnBHkhJdG7soQeTSFLWN3efnHyibZ4Z8l2EuWwJN3A=="
    },
    "node_modules/peek-readable": {
      "version": "5.3.1",
      "resolved": "https://registry.npmjs.org/peek-readable/-/peek-readable-5.3.1.tgz",
      "integrity": "sha512-GVlENSDW6KHaXcd9zkZltB7tCLosKB/4Hg0fqBJkAoBgYG2Tn1xtMgXtSUuMU9AK/gCm/tTdT8mgAeF4YNeeqw==",
      "engines": {
        "node": ">=14.16"
      },
      "funding": {
        "type": "github",
        "url": "https://github.com/sponsors/Borewit"
      }
    },
    "node_modules/strtok3": {
      "version": "9.0.1",
      "resolved": "https://registry.npmjs.org/strtok3/-/strtok3-9.0.1.tgz",
      "integrity": "sha512-ERPW+XkvX9W2A+ov07iy+ZFJpVdik04GhDA4eVogiG9hpC97Kem2iucyzhFxbFRvQ5o2UckFtKZdp1hkGvnrEw==",
      "dependencies": {
        "@tokenizer/token": "^0.3.0",
        "peek-readable": "^5.3.1"
      },
      "engines": {
        "node": ">=16"
      },
      "funding": {
        "type": "github",
        "url": "https://github.com/sponsors/Borewit"
      }
    }
  }
}
